// !$*UTF8*$!
{
	archiveVersion = 1;
	classes = {
	};
	objectVersion = 46;
	objects = {

/* Begin PBXBuildFile section */
		64BA28C51987CAE8002D69DD /* AppDelegate.swift in Sources */ = {isa = PBXBuildFile; fileRef = 64BA28C41987CAE8002D69DD /* AppDelegate.swift */; };
		64BA28C71987CAE8002D69DD /* ViewController.swift in Sources */ = {isa = PBXBuildFile; fileRef = 64BA28C61987CAE8002D69DD /* ViewController.swift */; };
		64BA28CA1987CAE8002D69DD /* Main.storyboard in Resources */ = {isa = PBXBuildFile; fileRef = 64BA28C81987CAE8002D69DD /* Main.storyboard */; };
		64BA28CC1987CAE8002D69DD /* Images.xcassets in Resources */ = {isa = PBXBuildFile; fileRef = 64BA28CB1987CAE8002D69DD /* Images.xcassets */; };
		64BA28D81987CAE8002D69DD /* PersistenceTests.swift in Sources */ = {isa = PBXBuildFile; fileRef = 64BA28D71987CAE8002D69DD /* PersistenceTests.swift */; };
		64BB71A4198A415B00571188 /* BIDFourLine.swift in Sources */ = {isa = PBXBuildFile; fileRef = 64BB71A3198A415B00571188 /* BIDFourLine.swift */; };
/* End PBXBuildFile section */

/* Begin PBXContainerItemProxy section */
		64BA28D21987CAE8002D69DD /* PBXContainerItemProxy */ = {
			isa = PBXContainerItemProxy;
			containerPortal = 64BA28B71987CAE8002D69DD /* Project object */;
			proxyType = 1;
			remoteGlobalIDString = 64BA28BE1987CAE8002D69DD;
			remoteInfo = Persistence;
		};
/* End PBXContainerItemProxy section */

/* Begin PBXFileReference section */
		64BA28BF1987CAE8002D69DD /* Persistence.app */ = {isa = PBXFileReference; explicitFileType = wrapper.application; includeInIndex = 0; path = Persistence.app; sourceTree = BUILT_PRODUCTS_DIR; };
		64BA28C31987CAE8002D69DD /* Info.plist */ = {isa = PBXFileReference; lastKnownFileType = text.plist.xml; path = Info.plist; sourceTree = "<group>"; };
		64BA28C41987CAE8002D69DD /* AppDelegate.swift */ = {isa = PBXFileReference; lastKnownFileType = sourcecode.swift; path = AppDelegate.swift; sourceTree = "<group>"; };
		64BA28C61987CAE8002D69DD /* ViewController.swift */ = {isa = PBXFileReference; lastKnownFileType = sourcecode.swift; path = ViewController.swift; sourceTree = "<group>"; };
		64BA28C91987CAE8002D69DD /* Base */ = {isa = PBXFileReference; lastKnownFileType = file.storyboard; name = Base; path = Base.lproj/Main.storyboard; sourceTree = "<group>"; };
		64BA28CB1987CAE8002D69DD /* Images.xcassets */ = {isa = PBXFileReference; lastKnownFileType = folder.assetcatalog; path = Images.xcassets; sourceTree = "<group>"; };
		64BA28D11987CAE8002D69DD /* PersistenceTests.xctest */ = {isa = PBXFileReference; explicitFileType = wrapper.cfbundle; includeInIndex = 0; path = PersistenceTests.xctest; sourceTree = BUILT_PRODUCTS_DIR; };
		64BA28D61987CAE8002D69DD /* Info.plist */ = {isa = PBXFileReference; lastKnownFileType = text.plist.xml; path = Info.plist; sourceTree = "<group>"; };
		64BA28D71987CAE8002D69DD /* PersistenceTests.swift */ = {isa = PBXFileReference; lastKnownFileType = sourcecode.swift; path = PersistenceTests.swift; sourceTree = "<group>"; };
		64BB71A3198A415B00571188 /* BIDFourLine.swift */ = {isa = PBXFileReference; fileEncoding = 4; lastKnownFileType = sourcecode.swift; path = BIDFourLine.swift; sourceTree = "<group>"; };
/* End PBXFileReference section */

/* Begin PBXFrameworksBuildPhase section */
		64BA28BC1987CAE8002D69DD /* Frameworks */ = {
			isa = PBXFrameworksBuildPhase;
			buildActionMask = 2147483647;
			files = (
			);
			runOnlyForDeploymentPostprocessing = 0;
		};
		64BA28CE1987CAE8002D69DD /* Frameworks */ = {
			isa = PBXFrameworksBuildPhase;
			buildActionMask = 2147483647;
			files = (
			);
			runOnlyForDeploymentPostprocessing = 0;
		};
/* End PBXFrameworksBuildPhase section */

/* Begin PBXGroup section */
		64BA28B61987CAE8002D69DD = {
			isa = PBXGroup;
			children = (
				64BA28C11987CAE8002D69DD /* Persistence */,
				64BA28D41987CAE8002D69DD /* PersistenceTests */,
				64BA28C01987CAE8002D69DD /* Products */,
			);
			sourceTree = "<group>";
		};
		64BA28C01987CAE8002D69DD /* Products */ = {
			isa = PBXGroup;
			children = (
				64BA28BF1987CAE8002D69DD /* Persistence.app */,
				64BA28D11987CAE8002D69DD /* PersistenceTests.xctest */,
			);
			name = Products;
			sourceTree = "<group>";
		};
		64BA28C11987CAE8002D69DD /* Persistence */ = {
			isa = PBXGroup;
			children = (
				64BA28C41987CAE8002D69DD /* AppDelegate.swift */,
				64BA28C61987CAE8002D69DD /* ViewController.swift */,
				64BA28C81987CAE8002D69DD /* Main.storyboard */,
				64BA28CB1987CAE8002D69DD /* Images.xcassets */,
				64BA28C21987CAE8002D69DD /* Supporting Files */,
				64BB71A3198A415B00571188 /* BIDFourLine.swift */,
			);
			path = Persistence;
			sourceTree = "<group>";
		};
		64BA28C21987CAE8002D69DD /* Supporting Files */ = {
			isa = PBXGroup;
			children = (
				64BA28C31987CAE8002D69DD /* Info.plist */,
			);
			name = "Supporting Files";
			sourceTree = "<group>";
		};
		64BA28D41987CAE8002D69DD /* PersistenceTests */ = {
			isa = PBXGroup;
			children = (
				64BA28D71987CAE8002D69DD /* PersistenceTests.swift */,
				64BA28D51987CAE8002D69DD /* Supporting Files */,
			);
			path = PersistenceTests;
			sourceTree = "<group>";
		};
		64BA28D51987CAE8002D69DD /* Supporting Files */ = {
			isa = PBXGroup;
			children = (
				64BA28D61987CAE8002D69DD /* Info.plist */,
			);
			name = "Supporting Files";
			sourceTree = "<group>";
		};
/* End PBXGroup section */

/* Begin PBXNativeTarget section */
		64BA28BE1987CAE8002D69DD /* Persistence */ = {
			isa = PBXNativeTarget;
			buildConfigurationList = 64BA28DB1987CAE8002D69DD /* Build configuration list for PBXNativeTarget "Persistence" */;
			buildPhases = (
				64BA28BB1987CAE8002D69DD /* Sources */,
				64BA28BC1987CAE8002D69DD /* Frameworks */,
				64BA28BD1987CAE8002D69DD /* Resources */,
			);
			buildRules = (
			);
			dependencies = (
			);
			name = Persistence;
			productName = Persistence;
			productReference = 64BA28BF1987CAE8002D69DD /* Persistence.app */;
			productType = "com.apple.product-type.application";
		};
		64BA28D01987CAE8002D69DD /* PersistenceTests */ = {
			isa = PBXNativeTarget;
			buildConfigurationList = 64BA28DE1987CAE8002D69DD /* Build configuration list for PBXNativeTarget "PersistenceTests" */;
			buildPhases = (
				64BA28CD1987CAE8002D69DD /* Sources */,
				64BA28CE1987CAE8002D69DD /* Frameworks */,
				64BA28CF1987CAE8002D69DD /* Resources */,
			);
			buildRules = (
			);
			dependencies = (
				64BA28D31987CAE8002D69DD /* PBXTargetDependency */,
			);
			name = PersistenceTests;
			productName = PersistenceTests;
			productReference = 64BA28D11987CAE8002D69DD /* PersistenceTests.xctest */;
			productType = "com.apple.product-type.bundle.unit-test";
		};
/* End PBXNativeTarget section */

/* Begin PBXProject section */
		64BA28B71987CAE8002D69DD /* Project object */ = {
			isa = PBXProject;
			attributes = {
				LastUpgradeCheck = 0600;
				ORGANIZATIONNAME = demon;
				TargetAttributes = {
					64BA28BE1987CAE8002D69DD = {
						CreatedOnToolsVersion = 6.0;
					};
					64BA28D01987CAE8002D69DD = {
						CreatedOnToolsVersion = 6.0;
						TestTargetID = 64BA28BE1987CAE8002D69DD;
					};
				};
			};
			buildConfigurationList = 64BA28BA1987CAE8002D69DD /* Build configuration list for PBXProject "Persistence" */;
			compatibilityVersion = "Xcode 3.2";
			developmentRegion = English;
			hasScannedForEncodings = 0;
			knownRegions = (
				en,
				Base,
			);
			mainGroup = 64BA28B61987CAE8002D69DD;
			productRefGroup = 64BA28C01987CAE8002D69DD /* Products */;
			projectDirPath = "";
			projectRoot = "";
			targets = (
				64BA28BE1987CAE8002D69DD /* Persistence */,
				64BA28D01987CAE8002D69DD /* PersistenceTests */,
			);
		};
/* End PBXProject section */

/* Begin PBXResourcesBuildPhase section */
		64BA28BD1987CAE8002D69DD /* Resources */ = {
			isa = PBXResourcesBuildPhase;
			buildActionMask = 2147483647;
			files = (
				64BA28CA1987CAE8002D69DD /* Main.storyboard in Resources */,
				64BA28CC1987CAE8002D69DD /* Images.xcassets in Resources */,
			);
			runOnlyForDeploymentPostprocessing = 0;
		};
		64BA28CF1987CAE8002D69DD /* Resources */ = {
			isa = PBXResourcesBuildPhase;
			buildActionMask = 2147483647;
			files = (
			);
			runOnlyForDeploymentPostprocessing = 0;
		};
/* End PBXResourcesBuildPhase section */

/* Begin PBXSourcesBuildPhase section */
		64BA28BB1987CAE8002D69DD /* Sources */ = {
			isa = PBXSourcesBuildPhase;
			buildActionMask = 2147483647;
			files = (
				64BA28C71987CAE8002D69DD /* ViewController.swift in Sources */,
				64BB71A4198A415B00571188 /* BIDFourLine.swift in Sources */,
				64BA28C51987CAE8002D69DD /* AppDelegate.swift in Sources */,
			);
			runOnlyForDeploymentPostprocessing = 0;
		};
		64BA28CD1987CAE8002D69DD /* Sources */ = {
			isa = PBXSourcesBuildPhase;
			buildActionMask = 2147483647;
			files = (
				64BA28D81987CAE8002D69DD /* PersistenceTests.swift in Sources */,
			);
			runOnlyForDeploymentPostprocessing = 0;
		};
/* End PBXSourcesBuildPhase section */

/* Begin PBXTargetDependency section */
		64BA28D31987CAE8002D69DD /* PBXTargetDependency */ = {
			isa = PBXTargetDependency;
			target = 64BA28BE1987CAE8002D69DD /* Persistence */;
			targetProxy = 64BA28D21987CAE8002D69DD /* PBXContainerItemProxy */;
		};
/* End PBXTargetDependency section */

/* Begin PBXVariantGroup section */
		64BA28C81987CAE8002D69DD /* Main.storyboard */ = {
			isa = PBXVariantGroup;
			children = (
				64BA28C91987CAE8002D69DD /* Base */,
			);
			name = Main.storyboard;
			sourceTree = "<group>";
		};
/* End PBXVariantGroup section */

/* Begin XCBuildConfiguration section */
		64BA28D91987CAE8002D69DD /* Debug */ = {
			isa = XCBuildConfiguration;
			buildSettings = {
				ALWAYS_SEARCH_USER_PATHS = NO;
				CLANG_CXX_LANGUAGE_STANDARD = "gnu++0x";
				CLANG_CXX_LIBRARY = "libc++";
				CLANG_ENABLE_MODULES = YES;
				CLANG_ENABLE_OBJC_ARC = YES;
				CLANG_WARN_BOOL_CONVERSION = YES;
				CLANG_WARN_CONSTANT_CONVERSION = YES;
				CLANG_WARN_DIRECT_OBJC_ISA_USAGE = YES_ERROR;
				CLANG_WARN_EMPTY_BODY = YES;
				CLANG_WARN_ENUM_CONVERSION = YES;
				CLANG_WARN_INT_CONVERSION = YES;
				CLANG_WARN_OBJC_ROOT_CLASS = YES_ERROR;
				CLANG_WARN_UNREACHABLE_CODE = YES;
				CLANG_WARN__DUPLICATE_METHOD_MATCH = YES;
				"CODE_SIGN_IDENTITY[sdk=iphoneos*]" = "iPhone Developer";
				COPY_PHASE_STRIP = NO;
				ENABLE_STRICT_OBJC_MSGSEND = YES;
				GCC_C_LANGUAGE_STANDARD = gnu99;
				GCC_DYNAMIC_NO_PIC = NO;
				GCC_OPTIMIZATION_LEVEL = 0;
				GCC_PREPROCESSOR_DEFINITIONS = (
					"DEBUG=1",
					"$(inherited)",
				);
				GCC_SYMBOLS_PRIVATE_EXTERN = NO;
				GCC_WARN_64_TO_32_BIT_CONVERSION = YES;
				GCC_WARN_ABOUT_RETURN_TYPE = YES_ERROR;
				GCC_WARN_UNDECLARED_SELECTOR = YES;
				GCC_WARN_UNINITIALIZED_AUTOS = YES_AGGRESSIVE;
				GCC_WARN_UNUSED_FUNCTION = YES;
				GCC_WARN_UNUSED_VARIABLE = YES;
				IPHONEOS_DEPLOYMENT_TARGET = 8.0;
				MTL_ENABLE_DEBUG_INFO = YES;
				ONLY_ACTIVE_ARCH = YES;
				SDKROOT = iphoneos;
				SWIFT_OPTIMIZATION_LEVEL = "-Onone";
			};
			name = Debug;
		};
		64BA28DA1987CAE8002D69DD /* Release */ = {
			isa = XCBuildConfiguration;
			buildSettings = {
				ALWAYS_SEARCH_USER_PATHS = NO;
				CLANG_CXX_LANGUAGE_STANDARD = "gnu++0x";
				CLANG_CXX_LIBRARY = "libc++";
				CLANG_ENABLE_MODULES = YES;
				CLANG_ENABLE_OBJC_ARC = YES;
				CLANG_WARN_BOOL_CONVERSION = YES;
				CLANG_WARN_CONSTANT_CONVERSION = YES;
				CLANG_WARN_DIRECT_OBJC_ISA_USAGE = YES_ERROR;
				CLANG_WARN_EMPTY_BODY = YES;
				CLANG_WARN_ENUM_CONVERSION = YES;
				CLANG_WARN_INT_CONVERSION = YES;
				CLANG_WARN_OBJC_ROOT_CLASS = YES_ERROR;
				CLANG_WARN_UNREACHABLE_CODE = YES;
				CLANG_WARN__DUPLICATE_METHOD_MATCH = YES;
				"CODE_SIGN_IDENTITY[sdk=iphoneos*]" = "iPhone Developer";
				COPY_PHASE_STRIP = YES;
				ENABLE_NS_ASSERTIONS = NO;
				ENABLE_STRICT_OBJC_MSGSEND = YES;
				GCC_C_LANGUAGE_STANDARD = gnu99;
				GCC_WARN_64_TO_32_BIT_CONVERSION = YES;
				GCC_WARN_ABOUT_RETURN_TYPE = YES_ERROR;
				GCC_WARN_UNDECLARED_SELECTOR = YES;
				GCC_WARN_UNINITIALIZED_AUTOS = YES_AGGRESSIVE;
				GCC_WARN_UNUSED_FUNCTION = YES;
				GCC_WARN_UNUSED_VARIABLE = YES;
				IPHONEOS_DEPLOYMENT_TARGET = 8.0;
				MTL_ENABLE_DEBUG_INFO = NO;
				SDKROOT = iphoneos;
				VALIDATE_PRODUCT = YES;
			};
			name = Release;
		};
		64BA28DC1987CAE8002D69DD /* Debug */ = {
			isa = XCBuildConfiguration;
			buildSettings = {
				ASSETCATALOG_COMPILER_APPICON_NAME = AppIcon;
				ASSETCATALOG_COMPILER_LAUNCHIMAGE_NAME = LaunchImage;
				INFOPLIST_FILE = Persistence/Info.plist;
				IPHONEOS_DEPLOYMENT_TARGET = 7.0;
				LD_RUNPATH_SEARCH_PATHS = "$(inherited) @executable_path/Frameworks";
				PRODUCT_NAME = "$(TARGET_NAME)";
			};
			name = Debug;
		};
		64BA28DD1987CAE8002D69DD /* Release */ = {
			isa = XCBuildConfiguration;
			buildSettings = {
				ASSETCATALOG_COMPILER_APPICON_NAME = AppIcon;
				ASSETCATALOG_COMPILER_LAUNCHIMAGE_NAME = LaunchImage;
				INFOPLIST_FILE = Persistence/Info.plist;
				IPHONEOS_DEPLOYMENT_TARGET = 7.0;
				LD_RUNPATH_SEARCH_PATHS = "$(inherited) @executable_path/Frameworks";
				PRODUCT_NAME = "$(TARGET_NAME)";
			};
			name = Release;
		};
		64BA28DF1987CAE8002D69DD /* Debug */ = {
			isa = XCBuildConfiguration;
			buildSettings = {
				BUNDLE_LOADER = "$(BUILT_PRODUCTS_DIR)/Persistence.app/Persistence";
				FRAMEWORK_SEARCH_PATHS = (
					"$(SDKROOT)/Developer/Library/Frameworks",
					"$(inherited)",
				);
				GCC_PREPROCESSOR_DEFINITIONS = (
					"DEBUG=1",
					"$(inherited)",
				);
				INFOPLIST_FILE = PersistenceTests/Info.plist;
				LD_RUNPATH_SEARCH_PATHS = "$(inherited) @executable_path/Frameworks @loader_path/Frameworks";
				PRODUCT_NAME = "$(TARGET_NAME)";
				TEST_HOST = "$(BUNDLE_LOADER)";
			};
			name = Debug;
		};
		64BA28E01987CAE8002D69DD /* Release */ = {
			isa = XCBuildConfiguration;
			buildSettings = {
				BUNDLE_LOADER = "$(BUILT_PRODUCTS_DIR)/Persistence.app/Persistence";
				FRAMEWORK_SEARCH_PATHS = (
					"$(SDKROOT)/Developer/Library/Frameworks",
					"$(inherited)",
				);
				INFOPLIST_FILE = PersistenceTests/Info.plist;
				LD_RUNPATH_SEARCH_PATHS = "$(inherited) @executable_path/Frameworks @loader_path/Frameworks";
				PRODUCT_NAME = "$(TARGET_NAME)";
				TEST_HOST = "$(BUNDLE_LOADER)";
			};
			name = Release;
		};
/* End XCBuildConfiguration section */

/* Begin XCConfigurationList section */
		64BA28BA1987CAE8002D69DD /* Build configuration list for PBXProject "Persistence" */ = {
			isa = XCConfigurationList;
			buildConfigurations = (
				64BA28D91987CAE8002D69DD /* Debug */,
				64BA28DA1987CAE8002D69DD /* Release */,
			);
			defaultConfigurationIsVisible = 0;
			defaultConfigurationName = Release;
		};
		64BA28DB1987CAE8002D69DD /* Build configuration list for PBXNativeTarget "Persistence" */ = {
			isa = XCConfigurationList;
			buildConfigurations = (
				64BA28DC1987CAE8002D69DD /* Debug */,
				64BA28DD1987CAE8002D69DD /* Release */,
			);
			defaultConfigurationIsVisible = 0;
			defaultConfigurationName = Release;
		};
		64BA28DE1987CAE8002D69DD /* Build configuration list for PBXNativeTarget "PersistenceTests" */ = {
			isa = XCConfigurationList;
			buildConfigurations = (
				64BA28DF1987CAE8002D69DD /* Debug */,
				64BA28E01987CAE8002D69DD /* Release */,
			);
			defaultConfigurationIsVisible = 0;
			defaultConfigurationName = Release;
		};
/* End XCConfigurationList section */
	};
	rootObject = 64BA28B71987CAE8002D69DD /* Project object */;
}
